<?xml version="1.0" encoding="utf-8"?>
<Project ToolsVersion="4.0" xmlns="http://schemas.microsoft.com/developer/msbuild/2003">
  <ItemGroup>
    <Filter Include="Source Files">
      <UniqueIdentifier>{4FC737F1-C7A5-4376-A066-2A32D752A2FF}</UniqueIdentifier>
      <Extensions>cpp;c;cc;cxx;c++;cppm;ixx;def;odl;idl;hpj;bat;asm;asmx</Extensions>
    </Filter>
    <Filter Include="Header Files">
      <UniqueIdentifier>{93995380-89BD-4b04-88EB-625FBE52EBFB}</UniqueIdentifier>
      <Extensions>h;hh;hpp;hxx;h++;hm;inl;inc;ipp;xsd</Extensions>
    </Filter>
    <Filter Include="Resource Files">
      <UniqueIdentifier>{67DA6AB6-F800-4c08-8B7A-83BB121AAD01}</UniqueIdentifier>
      <Extensions>rc;ico;cur;bmp;dlg;rc2;rct;bin;rgs;gif;jpg;jpeg;jpe;resx;tiff;tif;png;wav;mfcribbon-ms</Extensions>
    </Filter>
    <Filter Include="Source Files\Homework">
      <UniqueIdentifier>{3df6df47-6dd7-4a09-a000-fb1fcedac3e3}</UniqueIdentifier>
    </Filter>
    <Filter Include="Source Files\Homework\1">
      <UniqueIdentifier>{c45ab7b4-e32c-4644-af0a-7aa8e65b0550}</UniqueIdentifier>
      <Extensions>
      </Extensions>
    </Filter>
    <Filter Include="Source Files\Homework\2">
      <UniqueIdentifier>{8b248af0-36c6-4b15-a545-28208a3f620c}</UniqueIdentifier>
    </Filter>
    <Filter Include="Source Files\Exam prep">
      <UniqueIdentifier>{19c04bf3-d17d-4991-833f-ca132dd1c32b}</UniqueIdentifier>
    </Filter>
    <Filter Include="Source Files\Exam prep\Structural Numbers">
      <UniqueIdentifier>{43552c09-2ac3-4ab5-9913-4d9907f4daad}</UniqueIdentifier>
    </Filter>
    <Filter Include="Source Files\Exam prep\Rows">
      <UniqueIdentifier>{365fb4da-a326-40d8-a6a6-f326da2df79d}</UniqueIdentifier>
    </Filter>
    <Filter Include="Source Files\Exam prep\Files">
      <UniqueIdentifier>{29f585cd-ea7b-44fa-8d66-0fbf56a8c76a}</UniqueIdentifier>
    </Filter>
    <Filter Include="Source Files\Homework\3">
      <UniqueIdentifier>{e0d01fd8-1d08-42b6-b2e6-16076527cd03}</UniqueIdentifier>
    </Filter>
    <Filter Include="Source Files\Homework\4">
      <UniqueIdentifier>{cf75db05-2f95-4888-a866-4a014e090e09}</UniqueIdentifier>
    </Filter>
    <Filter Include="Source Files\Homework\5">
      <UniqueIdentifier>{e9e4bf87-de69-43cd-b312-6a57fe3f3562}</UniqueIdentifier>
    </Filter>
  </ItemGroup>
  <ItemGroup>
    <ClCompile Include="1-3.cpp">
      <Filter>Source Files\Homework\1</Filter>
    </ClCompile>
    <ClCompile Include="1-4.cpp">
      <Filter>Source Files\Homework\1</Filter>
    </ClCompile>
    <ClCompile Include="1-5.cpp">
      <Filter>Source Files\Homework\1</Filter>
    </ClCompile>
    <ClCompile Include="1-1.cpp">
      <Filter>Source Files\Homework\1</Filter>
    </ClCompile>
    <ClCompile Include="1-2.cpp">
      <Filter>Source Files\Homework\1</Filter>
    </ClCompile>
    <ClCompile Include="rows-1.cpp">
      <Filter>Source Files\Exam prep\Rows</Filter>
    </ClCompile>
    <ClCompile Include="structural_numbers-1.cpp">
      <Filter>Source Files\Exam prep\Structural Numbers</Filter>
    </ClCompile>
    <ClCompile Include="rows-2.cpp">
      <Filter>Source Files\Exam prep\Rows</Filter>
    </ClCompile>
    <ClCompile Include="structural_numbers-2.cpp">
      <Filter>Source Files\Exam prep\Structural Numbers</Filter>
    </ClCompile>
    <ClCompile Include="2-1.cpp">
      <Filter>Source Files\Homework\2</Filter>
    </ClCompile>
    <ClCompile Include="2-2.cpp">
      <Filter>Source Files\Homework\2</Filter>
    </ClCompile>
    <ClCompile Include="2-3.cpp">
      <Filter>Source Files\Homework\2</Filter>
    </ClCompile>
    <ClCompile Include="2-4.cpp">
      <Filter>Source Files\Homework\2</Filter>
    </ClCompile>
    <ClCompile Include="2-5.cpp">
      <Filter>Source Files\Homework\2</Filter>
    </ClCompile>
    <ClCompile Include="3-1.cpp">
      <Filter>Source Files\Homework\3</Filter>
    </ClCompile>
    <ClCompile Include="3-2.cpp">
      <Filter>Source Files\Homework\3</Filter>
    </ClCompile>
    <ClCompile Include="3-3.cpp">
      <Filter>Source Files\Homework\3</Filter>
    </ClCompile>
    <ClCompile Include="3-4.cpp">
      <Filter>Source Files\Homework\3</Filter>
    </ClCompile>
    <ClCompile Include="3-5.cpp">
      <Filter>Source Files\Homework\3</Filter>
    </ClCompile>
    <ClCompile Include="4-1.cpp">
      <Filter>Source Files\Homework\4</Filter>
    </ClCompile>
    <ClCompile Include="4-2.cpp">
      <Filter>Source Files\Homework\4</Filter>
    </ClCompile>
    <ClCompile Include="4-3.cpp">
      <Filter>Source Files\Homework\4</Filter>
    </ClCompile>
    <ClCompile Include="4-4.cpp">
      <Filter>Source Files\Homework\4</Filter>
    </ClCompile>
    <ClCompile Include="4-5.cpp">
      <Filter>Source Files\Homework\4</Filter>
    </ClCompile>
    <ClCompile Include="4-6.cpp">
      <Filter>Source Files\Homework\4</Filter>
    </ClCompile>
    <ClCompile Include="4-7.cpp">
      <Filter>Source Files\Homework\4</Filter>
    </ClCompile>
    <ClCompile Include="4-8.cpp">
      <Filter>Source Files\Homework\4</Filter>
    </ClCompile>
    <ClCompile Include="4-9.cpp">
      <Filter>Source Files\Homework\4</Filter>
    </ClCompile>
    <ClCompile Include="5-1.cpp">
      <Filter>Source Files\Homework\5</Filter>
    </ClCompile>
    <ClCompile Include="5-2.cpp">
      <Filter>Source Files\Homework\5</Filter>
    </ClCompile>
    <ClCompile Include="files-1.cpp">
      <Filter>Source Files\Exam prep\Files</Filter>
    </ClCompile>
    <ClCompile Include="files-2.cpp">
      <Filter>Source Files\Exam prep\Files</Filter>
    </ClCompile>
  </ItemGroup>
</Project>